
Microsoft Visual Studio Solution File, Format Version 12.00
# Visual Studio 15
VisualStudioVersion = 15.0.27130.2027
MinimumVisualStudioVersion = 10.0.40219.1
Project("{FAE04EC0-301F-11D3-BF4B-00C04F79EFBC}") = "TrnAPI_01", "TrnAPI_01\TrnAPI_01.csproj", "{30A94B48-65EE-42E7-B786-10E10B0E8599}"
EndProject
Project("{FAE04EC0-301F-11D3-BF4B-00C04F79EFBC}") = "DI", "..\..\..\..\GitHub\ASPNET_Training\TrnAPI_01\DI\DI.csproj", "{D3A149F2-62D4-48EE-A25D-EC8058BC0802}"
EndProject
Project("{FAE04EC0-301F-11D3-BF4B-00C04F79EFBC}") = "DAL", "..\..\..\..\GitHub\ASPNET_Training\TrnAPI_01\DAL\DAL.csproj", "{BC1DE06F-D4FE-4B38-8EC6-D7C4E8F4D3A7}"
EndProject
Project("{FAE04EC0-301F-11D3-BF4B-00C04F79EFBC}") = "BLL", "..\..\..\..\GitHub\ASPNET_Training\TrnAPI_01\BLL\BLL.csproj", "{07E4C6E8-9233-4A92-9B85-8A5F75EB8A9C}"
EndProject
Project("{FAE04EC0-301F-11D3-BF4B-00C04F79EFBC}") = "Common", "..\..\..\..\GitHub\ASPNET_Training\TrnAPI_01\Common\Common.csproj", "{88C0DF07-153A-49EF-AE42-71902027FC4F}"
EndProject
Global
	GlobalSection(SolutionConfigurationPlatforms) = preSolution
		Debug|Any CPU = Debug|Any CPU
		Release|Any CPU = Release|Any CPU
	EndGlobalSection
	GlobalSection(ProjectConfigurationPlatforms) = postSolution
		{30A94B48-65EE-42E7-B786-10E10B0E8599}.Debug|Any CPU.ActiveCfg = Debug|Any CPU
		{30A94B48-65EE-42E7-B786-10E10B0E8599}.Debug|Any CPU.Build.0 = Debug|Any CPU
		{30A94B48-65EE-42E7-B786-10E10B0E8599}.Release|Any CPU.ActiveCfg = Release|Any CPU
		{30A94B48-65EE-42E7-B786-10E10B0E8599}.Release|Any CPU.Build.0 = Release|Any CPU
		{D3A149F2-62D4-48EE-A25D-EC8058BC0802}.Debug|Any CPU.ActiveCfg = Debug|Any CPU
		{D3A149F2-62D4-48EE-A25D-EC8058BC0802}.Debug|Any CPU.Build.0 = Debug|Any CPU
		{D3A149F2-62D4-48EE-A25D-EC8058BC0802}.Release|Any CPU.ActiveCfg = Release|Any CPU
		{D3A149F2-62D4-48EE-A25D-EC8058BC0802}.Release|Any CPU.Build.0 = Release|Any CPU
		{BC1DE06F-D4FE-4B38-8EC6-D7C4E8F4D3A7}.Debug|Any CPU.ActiveCfg = Debug|Any CPU
		{BC1DE06F-D4FE-4B38-8EC6-D7C4E8F4D3A7}.Debug|Any CPU.Build.0 = Debug|Any CPU
		{BC1DE06F-D4FE-4B38-8EC6-D7C4E8F4D3A7}.Release|Any CPU.ActiveCfg = Release|Any CPU
		{BC1DE06F-D4FE-4B38-8EC6-D7C4E8F4D3A7}.Release|Any CPU.Build.0 = Release|Any CPU
		{07E4C6E8-9233-4A92-9B85-8A5F75EB8A9C}.Debug|Any CPU.ActiveCfg = Debug|Any CPU
		{07E4C6E8-9233-4A92-9B85-8A5F75EB8A9C}.Debug|Any CPU.Build.0 = Debug|Any CPU
		{07E4C6E8-9233-4A92-9B85-8A5F75EB8A9C}.Release|Any CPU.ActiveCfg = Release|Any CPU
		{07E4C6E8-9233-4A92-9B85-8A5F75EB8A9C}.Release|Any CPU.Build.0 = Release|Any CPU
		{88C0DF07-153A-49EF-AE42-71902027FC4F}.Debug|Any CPU.ActiveCfg = Debug|Any CPU
		{88C0DF07-153A-49EF-AE42-71902027FC4F}.Debug|Any CPU.Build.0 = Debug|Any CPU
		{88C0DF07-153A-49EF-AE42-71902027FC4F}.Release|Any CPU.ActiveCfg = Release|Any CPU
		{88C0DF07-153A-49EF-AE42-71902027FC4F}.Release|Any CPU.Build.0 = Release|Any CPU
	EndGlobalSection
	GlobalSection(SolutionProperties) = preSolution
		HideSolutionNode = FALSE
	EndGlobalSection
	GlobalSection(ExtensibilityGlobals) = postSolution
		SolutionGuid = {A193F6E9-241A-4F1C-A311-0DC9DB8944B1}
	EndGlobalSection
EndGlobal
